version = 1
revision = 3
requires-python = ">=3.13"

[[package]]
name = "pypdf"
version = "6.13.0"
source = { registry = "https://pypi.org/simple" }
sdist = { url = "https://files.pythonhosted.org/packages/70/79/9fd087fbff8300e5c2a9b2bd0200b75c6ef8c1f9a7a2cfe3df0659aa4025/pypdf-6.13.0.tar.gz", hash = "sha256:558683ec9daf6b91c280c322c84c32f5cc216afd3eaa3a37de5ae88ae0c3b787", size = 6476995, upload-time = "2026-06-05T10:12:05.568Z" }
wheels = [
    { url = "https://files.pythonhosted.org/packages/9d/70/16942ec95d32187d8679ce8419cee2d5c0dbe90fa3ac1b307daea4c86da9/pypdf-6.13.0-py3-none-any.whl", hash = "sha256:de1294ae49d6956edb4e5c41527fb9e8716ddd2b120f2185c68aab784d4ffe60", size = 345958, upload-time = "2026-06-05T10:12:03.453Z" },
]

[[package]]
name = "sas-rag"
version = "0.1.0"
source = { editable = "." }
dependencies = [
    { name = "pypdf" },
]

[package.metadata]
requires-dist = [{ name = "pypdf", specifier = ">=6.13.0" }]
